
Microsoft Visual Studio Solution File, Format Version 12.00
# Visual Studio Version 17
VisualStudioVersion = 17.8.34316.72
MinimumVisualStudioVersion = 10.0.40219.1
Project("{9A19103F-16F7-4668-BE54-9A1E7A4F7556}") = "YaSaS-UserInterface", "YaSaS-UserInterface.csproj", "{509C22CE-CDA3-46FD-9DC2-78C63E9A3AE9}"
EndProject
Project("{9A19103F-16F7-4668-BE54-9A1E7A4F7556}") = "BusinessLayer", "BusinessLayer\BusinessLayer.csproj", "{5066A2D4-2E94-4704-A1E1-751AA4EFAEEE}"
EndProject
Project("{9A19103F-16F7-4668-BE54-9A1E7A4F7556}") = "DataAccessLayer", "DataAccessLayer\DataAccessLayer.csproj", "{E9D64359-FF3F-4B0A-9FDD-AF1224431777}"
EndProject
Project("{9A19103F-16F7-4668-BE54-9A1E7A4F7556}") = "EntityLayer", "EntityLayer\EntityLayer.csproj", "{2EE9144E-C204-4258-8BEB-BE6F33FDCD09}"
EndProject
Global
	GlobalSection(SolutionConfigurationPlatforms) = preSolution
		Debug|Any CPU = Debug|Any CPU
		Release|Any CPU = Release|Any CPU
	EndGlobalSection
	GlobalSection(ProjectConfigurationPlatforms) = postSolution
		{509C22CE-CDA3-46FD-9DC2-78C63E9A3AE9}.Debug|Any CPU.ActiveCfg = Debug|Any CPU
		{509C22CE-CDA3-46FD-9DC2-78C63E9A3AE9}.Debug|Any CPU.Build.0 = Debug|Any CPU
		{509C22CE-CDA3-46FD-9DC2-78C63E9A3AE9}.Release|Any CPU.ActiveCfg = Release|Any CPU
		{509C22CE-CDA3-46FD-9DC2-78C63E9A3AE9}.Release|Any CPU.Build.0 = Release|Any CPU
		{5066A2D4-2E94-4704-A1E1-751AA4EFAEEE}.Debug|Any CPU.ActiveCfg = Debug|Any CPU
		{5066A2D4-2E94-4704-A1E1-751AA4EFAEEE}.Debug|Any CPU.Build.0 = Debug|Any CPU
		{5066A2D4-2E94-4704-A1E1-751AA4EFAEEE}.Release|Any CPU.ActiveCfg = Release|Any CPU
		{5066A2D4-2E94-4704-A1E1-751AA4EFAEEE}.Release|Any CPU.Build.0 = Release|Any CPU
		{E9D64359-FF3F-4B0A-9FDD-AF1224431777}.Debug|Any CPU.ActiveCfg = Debug|Any CPU
		{E9D64359-FF3F-4B0A-9FDD-AF1224431777}.Debug|Any CPU.Build.0 = Debug|Any CPU
		{E9D64359-FF3F-4B0A-9FDD-AF1224431777}.Release|Any CPU.ActiveCfg = Release|Any CPU
		{E9D64359-FF3F-4B0A-9FDD-AF1224431777}.Release|Any CPU.Build.0 = Release|Any CPU
		{2EE9144E-C204-4258-8BEB-BE6F33FDCD09}.Debug|Any CPU.ActiveCfg = Debug|Any CPU
		{2EE9144E-C204-4258-8BEB-BE6F33FDCD09}.Debug|Any CPU.Build.0 = Debug|Any CPU
		{2EE9144E-C204-4258-8BEB-BE6F33FDCD09}.Release|Any CPU.ActiveCfg = Release|Any CPU
		{2EE9144E-C204-4258-8BEB-BE6F33FDCD09}.Release|Any CPU.Build.0 = Release|Any CPU
	EndGlobalSection
	GlobalSection(SolutionProperties) = preSolution
		HideSolutionNode = FALSE
	EndGlobalSection
	GlobalSection(ExtensibilityGlobals) = postSolution
		SolutionGuid = {E5F13375-F619-471C-A5DB-332E3AA3342E}
	EndGlobalSection
EndGlobal
